
Microsoft Visual Studio Solution File, Format Version 12.00
# Visual Studio 15
VisualStudioVersion = 15.0.27428.1
MinimumVisualStudioVersion = 10.0.40219.1
Project("{FAE04EC0-301F-11D3-BF4B-00C04F79EFBC}") = "SocketBoy", "SocketBoy\SocketBoy.csproj", "{64009A36-2F0C-45C0-BD1E-3216C05F0813}"
EndProject
Global
	GlobalSection(SolutionConfigurationPlatforms) = preSolution
		Debug|Any CPU = Debug|Any CPU
		Release|Any CPU = Release|Any CPU
	EndGlobalSection
	GlobalSection(ProjectConfigurationPlatforms) = postSolution
		{64009A36-2F0C-45C0-BD1E-3216C05F0813}.Debug|Any CPU.ActiveCfg = Debug|Any CPU
		{64009A36-2F0C-45C0-BD1E-3216C05F0813}.Debug|Any CPU.Build.0 = Debug|Any CPU
		{64009A36-2F0C-45C0-BD1E-3216C05F0813}.Release|Any CPU.ActiveCfg = Release|Any CPU
		{64009A36-2F0C-45C0-BD1E-3216C05F0813}.Release|Any CPU.Build.0 = Release|Any CPU
	EndGlobalSection
	GlobalSection(SolutionProperties) = preSolution
		HideSolutionNode = FALSE
	EndGlobalSection
	GlobalSection(ExtensibilityGlobals) = postSolution
		SolutionGuid = {B8A194EB-904A-423E-96B9-1743313A8ADE}
	EndGlobalSection
EndGlobal
